
Microsoft Visual Studio Solution File, Format Version 12.00
# Visual Studio Version 16
VisualStudioVersion = 16.0.32002.261
MinimumVisualStudioVersion = 10.0.40219.1
Project("{FAE04EC0-301F-11D3-BF4B-00C04F79EFBC}") = "shellcode_runner", "shellcode_runner.csproj", "{D0ED5804-94B1-4538-9170-0733D8E6F562}"
EndProject
Global
	GlobalSection(SolutionConfigurationPlatforms) = preSolution
		Debug|Any CPU = Debug|Any CPU
		Release|Any CPU = Release|Any CPU
	EndGlobalSection
	GlobalSection(ProjectConfigurationPlatforms) = postSolution
		{D0ED5804-94B1-4538-9170-0733D8E6F562}.Debug|Any CPU.ActiveCfg = Debug|Any CPU
		{D0ED5804-94B1-4538-9170-0733D8E6F562}.Debug|Any CPU.Build.0 = Debug|Any CPU
		{D0ED5804-94B1-4538-9170-0733D8E6F562}.Release|Any CPU.ActiveCfg = Release|Any CPU
		{D0ED5804-94B1-4538-9170-0733D8E6F562}.Release|Any CPU.Build.0 = Release|Any CPU
	EndGlobalSection
	GlobalSection(SolutionProperties) = preSolution
		HideSolutionNode = FALSE
	EndGlobalSection
	GlobalSection(ExtensibilityGlobals) = postSolution
		SolutionGuid = {BAB71246-D47B-49AD-BBB8-86CC7F999E36}
	EndGlobalSection
EndGlobal
